{
  "nodes": {
    "home-manager_darwin": {
      "inputs": {
        "nixpkgs": [
          "nixpkgs_darwin"
        ]
      },
      "locked": {
        "lastModified": 1758463745,
        "narHash": "sha256-uhzsV0Q0I9j2y/rfweWeGif5AWe0MGrgZ/3TjpDYdGA=",
        "owner": "nix-community",
        "repo": "home-manager",
        "rev": "3b955f5f0a942f9f60cdc9cacb7844335d0f21c3",
        "type": "github"
      },
      "original": {
        "owner": "nix-community",
        "ref": "release-25.05",
        "repo": "home-manager",
        "type": "github"
      }
    },
    "home-manager_linux": {
      "inputs": {
        "nixpkgs": [
          "nixpkgs_linux"
        ]
      },
      "locked": {
        "lastModified": 1758463745,
        "narHash": "sha256-uhzsV0Q0I9j2y/rfweWeGif5AWe0MGrgZ/3TjpDYdGA=",
        "owner": "nix-community",
        "repo": "home-manager",
        "rev": "3b955f5f0a942f9f60cdc9cacb7844335d0f21c3",
        "type": "github"
      },
      "original": {
        "owner": "nix-community",
        "ref": "release-25.05",
        "repo": "home-manager",
        "type": "github"
      }
    },
    "homebrew-cask_darwin": {
      "flake": false,
      "locked": {
        "lastModified": 1761269156,
        "narHash": "sha256-boviQnuoPzBkVSOJ5xJtJzevcB4Pn+XltAC16ssGphE=",
        "owner": "homebrew",
        "repo": "homebrew-cask",
        "rev": "781d3fb15504d7ae8f140c3395c2808f91b41e00",
        "type": "github"
      },
      "original": {
        "owner": "homebrew",
        "repo": "homebrew-cask",
        "type": "github"
      }
    },
    "homebrew-core_darwin": {
      "flake": false,
      "locked": {
        "lastModified": 1761266505,
        "narHash": "sha256-ma5jZtHLJd6x2vdAf+58CX2DeKHlXm82NaHMWpH6elA=",
        "owner": "homebrew",
        "repo": "homebrew-core",
        "rev": "b8c986bd816c84d2b9b30b3f8ef6db8149a77f61",
        "type": "github"
      },
      "original": {
        "owner": "homebrew",
        "repo": "homebrew-core",
        "type": "github"
      }
    },
    "homebrew_darwin": {
      "flake": false,
      "locked": {
        "lastModified": 1756934772,
        "narHash": "sha256-csftLiWlL7iseUifcsKL962uDMRgymiDEKmWIFF6WWw=",
        "owner": "homebrew",
        "repo": "brew",
        "rev": "1c959c22cee9eb333130633b30d380766e2dd09b",
        "type": "github"
      },
      "original": {
        "owner": "homebrew",
        "ref": "4.6.9",
        "repo": "brew",
        "type": "github"
      }
    },
    "lsfg-vk_linux": {
      "inputs": {
        "nixpkgs": [
          "nixpkgs_linux"
        ]
      },
      "locked": {
        "lastModified": 1753938292,
        "narHash": "sha256-akeUWgvIIi163s/femzvTOuqqOiOB/8US5ioHsNqhYY=",
        "owner": "pabloaul",
        "repo": "lsfg-vk-flake",
        "rev": "081cd66b1369188777ea146a759d35e99ea6b031",
        "type": "github"
      },
      "original": {
        "owner": "pabloaul",
        "ref": "1.0.0",
        "repo": "lsfg-vk-flake",
        "type": "github"
      }
    },
    "nix-darwin_darwin": {
      "inputs": {
        "nixpkgs": [
          "nixpkgs_darwin"
        ]
      },
      "locked": {
        "lastModified": 1759509947,
        "narHash": "sha256-4XifSIHfpJKcCf5bZZRhj8C4aCpjNBaE3kXr02s4rHU=",
        "owner": "nix-darwin",
        "repo": "nix-darwin",
        "rev": "000eadb231812ad6ea6aebd7526974aaf4e79355",
        "type": "github"
      },
      "original": {
        "owner": "nix-darwin",
        "ref": "nix-darwin-25.05",
        "repo": "nix-darwin",
        "type": "github"
      }
    },
    "nix-vscode-extensions_darwin": {
      "inputs": {
        "nixpkgs": [
          "nixpkgs_darwin"
        ]
      },
      "locked": {
        "lastModified": 1761240986,
        "narHash": "sha256-EjePxTz1P2cdFCPG+M33CGUpBVkD2W+zllZF0Cv1uDY=",
        "owner": "nix-community",
        "repo": "nix-vscode-extensions",
        "rev": "868d9f20e2d57e78cc53598f760c547a516f6ba7",
        "type": "github"
      },
      "original": {
        "owner": "nix-community",
        "repo": "nix-vscode-extensions",
        "type": "github"
      }
    },
    "nix-vscode-extensions_linux": {
      "inputs": {
        "nixpkgs": [
          "nixpkgs_linux"
        ]
      },
      "locked": {
        "lastModified": 1761240986,
        "narHash": "sha256-EjePxTz1P2cdFCPG+M33CGUpBVkD2W+zllZF0Cv1uDY=",
        "owner": "nix-community",
        "repo": "nix-vscode-extensions",
        "rev": "868d9f20e2d57e78cc53598f760c547a516f6ba7",
        "type": "github"
      },
      "original": {
        "owner": "nix-community",
        "repo": "nix-vscode-extensions",
        "type": "github"
      }
    },
    "nixos-hardware_linux": {
      "locked": {
        "lastModified": 1760958188,
        "narHash": "sha256-2m1S4jl+GEDtlt2QqeHil8Ny456dcGSKJAM7q3j/BFU=",
        "owner": "NixOS",
        "repo": "nixos-hardware",
        "rev": "d6645c340ef7d821602fd2cd199e8d1eed10afbc",
        "type": "github"
      },
      "original": {
        "owner": "NixOS",
        "repo": "nixos-hardware",
        "type": "github"
      }
    },
    "nixpkgs_darwin": {
      "locked": {
        "lastModified": 1761214245,
        "narHash": "sha256-PP9OPFAgQuoeYLnekbROBtaysdnnXAOwdMRn0NJslxY=",
        "owner": "NixOS",
        "repo": "nixpkgs",
        "rev": "95ec937f47c15392185aafd64480dc128f8a80bd",
        "type": "github"
      },
      "original": {
        "owner": "NixOS",
        "ref": "nixpkgs-25.05-darwin",
        "repo": "nixpkgs",
        "type": "github"
      }
    },
    "nixpkgs_linux": {
      "locked": {
        "lastModified": 1761016216,
        "narHash": "sha256-G/iC4t/9j/52i/nm+0/4ybBmAF4hzR8CNHC75qEhjHo=",
        "owner": "NixOS",
        "repo": "nixpkgs",
        "rev": "481cf557888e05d3128a76f14c76397b7d7cc869",
        "type": "github"
      },
      "original": {
        "owner": "NixOS",
        "ref": "nixos-25.05",
        "repo": "nixpkgs",
        "type": "github"
      }
    },
    "root": {
      "inputs": {
        "home-manager_darwin": "home-manager_darwin",
        "home-manager_linux": "home-manager_linux",
        "homebrew-cask_darwin": "homebrew-cask_darwin",
        "homebrew-core_darwin": "homebrew-core_darwin",
        "homebrew_darwin": "homebrew_darwin",
        "lsfg-vk_linux": "lsfg-vk_linux",
        "nix-darwin_darwin": "nix-darwin_darwin",
        "nix-vscode-extensions_darwin": "nix-vscode-extensions_darwin",
        "nix-vscode-extensions_linux": "nix-vscode-extensions_linux",
        "nixos-hardware_linux": "nixos-hardware_linux",
        "nixpkgs_darwin": "nixpkgs_darwin",
        "nixpkgs_linux": "nixpkgs_linux"
      }
    }
  },
  "root": "root",
  "version": 7
}
