{
  "nodes": {
    "flake-utils": {
      "inputs": {
        "systems": "systems"
      },
      "locked": {
        "lastModified": 1731533236,
        "narHash": "sha256-l0KFg5HjrsfsO/JpG+r7fRrqm12kzFHyUHqHCVpMMbI=",
        "owner": "numtide",
        "repo": "flake-utils",
        "rev": "11707dc2f618dd54ca8739b309ec4fc024de578b",
        "type": "github"
      },
      "original": {
        "owner": "numtide",
        "repo": "flake-utils",
        "type": "github"
      }
    },
    "flake-utils_2": {
      "inputs": {
        "systems": "systems_2"
      },
      "locked": {
        "lastModified": 1731533236,
        "narHash": "sha256-l0KFg5HjrsfsO/JpG+r7fRrqm12kzFHyUHqHCVpMMbI=",
        "owner": "numtide",
        "repo": "flake-utils",
        "rev": "11707dc2f618dd54ca8739b309ec4fc024de578b",
        "type": "github"
      },
      "original": {
        "owner": "numtide",
        "repo": "flake-utils",
        "type": "github"
      }
    },
    "home-manager_darwin": {
      "inputs": {
        "nixpkgs": [
          "nixpkgs_darwin"
        ]
      },
      "locked": {
        "lastModified": 1757808926,
        "narHash": "sha256-K6PEI5PYY94TVMH0mX3MbZNYFme7oNRKml/85BpRRAo=",
        "owner": "nix-community",
        "repo": "home-manager",
        "rev": "f21d9167782c086a33ad53e2311854a8f13c281e",
        "type": "github"
      },
      "original": {
        "owner": "nix-community",
        "ref": "release-25.05",
        "repo": "home-manager",
        "type": "github"
      }
    },
    "home-manager_linux": {
      "inputs": {
        "nixpkgs": [
          "nixpkgs_linux"
        ]
      },
      "locked": {
        "lastModified": 1757808926,
        "narHash": "sha256-K6PEI5PYY94TVMH0mX3MbZNYFme7oNRKml/85BpRRAo=",
        "owner": "nix-community",
        "repo": "home-manager",
        "rev": "f21d9167782c086a33ad53e2311854a8f13c281e",
        "type": "github"
      },
      "original": {
        "owner": "nix-community",
        "ref": "release-25.05",
        "repo": "home-manager",
        "type": "github"
      }
    },
    "homebrew-cask_darwin": {
      "flake": false,
      "locked": {
        "lastModified": 1757854959,
        "narHash": "sha256-49F33gqJBJGWs8WxDzYqy266xw9/+Srtiz8PPnTV+ak=",
        "owner": "homebrew",
        "repo": "homebrew-cask",
        "rev": "ece7c28cd101d7281088a55cfd86b9f23c9b4d20",
        "type": "github"
      },
      "original": {
        "owner": "homebrew",
        "repo": "homebrew-cask",
        "type": "github"
      }
    },
    "homebrew-core_darwin": {
      "flake": false,
      "locked": {
        "lastModified": 1757854980,
        "narHash": "sha256-pIYey9DW7z+4jW5yEW2s5osF2NU7cBiUduHp5gcgCXk=",
        "owner": "homebrew",
        "repo": "homebrew-core",
        "rev": "777aae9f075dcca7f913e47b89a91e65a1e79af6",
        "type": "github"
      },
      "original": {
        "owner": "homebrew",
        "repo": "homebrew-core",
        "type": "github"
      }
    },
    "homebrew_darwin": {
      "flake": false,
      "locked": {
        "lastModified": 1756934772,
        "narHash": "sha256-csftLiWlL7iseUifcsKL962uDMRgymiDEKmWIFF6WWw=",
        "owner": "homebrew",
        "repo": "brew",
        "rev": "1c959c22cee9eb333130633b30d380766e2dd09b",
        "type": "github"
      },
      "original": {
        "owner": "homebrew",
        "ref": "4.6.9",
        "repo": "brew",
        "type": "github"
      }
    },
    "lsfg-vk_linux": {
      "inputs": {
        "nixpkgs": [
          "nixpkgs_linux"
        ]
      },
      "locked": {
        "lastModified": 1753938292,
        "narHash": "sha256-akeUWgvIIi163s/femzvTOuqqOiOB/8US5ioHsNqhYY=",
        "owner": "pabloaul",
        "repo": "lsfg-vk-flake",
        "rev": "081cd66b1369188777ea146a759d35e99ea6b031",
        "type": "github"
      },
      "original": {
        "owner": "pabloaul",
        "ref": "1.0.0",
        "repo": "lsfg-vk-flake",
        "type": "github"
      }
    },
    "nix-darwin_darwin": {
      "inputs": {
        "nixpkgs": [
          "nixpkgs_darwin"
        ]
      },
      "locked": {
        "lastModified": 1757432263,
        "narHash": "sha256-qHn+/0+IOz5cG68BZUwL9BV3EO/e9eNKCjH3+N7wMdI=",
        "owner": "nix-darwin",
        "repo": "nix-darwin",
        "rev": "1fef4404de4d1596aa5ab2bd68078370e1b9dcdb",
        "type": "github"
      },
      "original": {
        "owner": "nix-darwin",
        "ref": "nix-darwin-25.05",
        "repo": "nix-darwin",
        "type": "github"
      }
    },
    "nix-vscode-extensions_darwin": {
      "inputs": {
        "flake-utils": "flake-utils",
        "nixpkgs": [
          "nixpkgs_darwin"
        ]
      },
      "locked": {
        "lastModified": 1757815072,
        "narHash": "sha256-V1k26O7AVxWjJ37nJJ8kkZ3R2UPWM3X+dsV/lv756w4=",
        "owner": "nix-community",
        "repo": "nix-vscode-extensions",
        "rev": "1e4c7ad21889de6aea748ca89180e467330ba6fa",
        "type": "github"
      },
      "original": {
        "owner": "nix-community",
        "repo": "nix-vscode-extensions",
        "type": "github"
      }
    },
    "nix-vscode-extensions_linux": {
      "inputs": {
        "flake-utils": "flake-utils_2",
        "nixpkgs": [
          "nixpkgs_linux"
        ]
      },
      "locked": {
        "lastModified": 1757815072,
        "narHash": "sha256-V1k26O7AVxWjJ37nJJ8kkZ3R2UPWM3X+dsV/lv756w4=",
        "owner": "nix-community",
        "repo": "nix-vscode-extensions",
        "rev": "1e4c7ad21889de6aea748ca89180e467330ba6fa",
        "type": "github"
      },
      "original": {
        "owner": "nix-community",
        "repo": "nix-vscode-extensions",
        "type": "github"
      }
    },
    "nixos-hardware_linux": {
      "locked": {
        "lastModified": 1757775351,
        "narHash": "sha256-xWsxmNHwt9jV/yFJqzsNeilpH4BR8MPe44Yt0eaGAIM=",
        "owner": "NixOS",
        "repo": "nixos-hardware",
        "rev": "f89c620d3d6e584d98280b48f0af7be4f8506ab5",
        "type": "github"
      },
      "original": {
        "owner": "NixOS",
        "repo": "nixos-hardware",
        "type": "github"
      }
    },
    "nixpkgs_darwin": {
      "locked": {
        "lastModified": 1757716134,
        "narHash": "sha256-OYoZLWvmCnCTCJQwaQlpK1IO5nkLnLLoUW8wwmPmrfU=",
        "owner": "NixOS",
        "repo": "nixpkgs",
        "rev": "e85b5aa112a98805a016bbf6291e726debbc448a",
        "type": "github"
      },
      "original": {
        "owner": "NixOS",
        "ref": "nixpkgs-25.05-darwin",
        "repo": "nixpkgs",
        "type": "github"
      }
    },
    "nixpkgs_linux": {
      "locked": {
        "lastModified": 1757545623,
        "narHash": "sha256-mCxPABZ6jRjUQx3bPP4vjA68ETbPLNz9V2pk9tO7pRQ=",
        "owner": "NixOS",
        "repo": "nixpkgs",
        "rev": "8cd5ce828d5d1d16feff37340171a98fc3bf6526",
        "type": "github"
      },
      "original": {
        "owner": "NixOS",
        "ref": "nixos-25.05",
        "repo": "nixpkgs",
        "type": "github"
      }
    },
    "root": {
      "inputs": {
        "home-manager_darwin": "home-manager_darwin",
        "home-manager_linux": "home-manager_linux",
        "homebrew-cask_darwin": "homebrew-cask_darwin",
        "homebrew-core_darwin": "homebrew-core_darwin",
        "homebrew_darwin": "homebrew_darwin",
        "lsfg-vk_linux": "lsfg-vk_linux",
        "nix-darwin_darwin": "nix-darwin_darwin",
        "nix-vscode-extensions_darwin": "nix-vscode-extensions_darwin",
        "nix-vscode-extensions_linux": "nix-vscode-extensions_linux",
        "nixos-hardware_linux": "nixos-hardware_linux",
        "nixpkgs_darwin": "nixpkgs_darwin",
        "nixpkgs_linux": "nixpkgs_linux"
      }
    },
    "systems": {
      "locked": {
        "lastModified": 1681028828,
        "narHash": "sha256-Vy1rq5AaRuLzOxct8nz4T6wlgyUR7zLU309k9mBC768=",
        "owner": "nix-systems",
        "repo": "default",
        "rev": "da67096a3b9bf56a91d16901293e51ba5b49a27e",
        "type": "github"
      },
      "original": {
        "owner": "nix-systems",
        "repo": "default",
        "type": "github"
      }
    },
    "systems_2": {
      "locked": {
        "lastModified": 1681028828,
        "narHash": "sha256-Vy1rq5AaRuLzOxct8nz4T6wlgyUR7zLU309k9mBC768=",
        "owner": "nix-systems",
        "repo": "default",
        "rev": "da67096a3b9bf56a91d16901293e51ba5b49a27e",
        "type": "github"
      },
      "original": {
        "owner": "nix-systems",
        "repo": "default",
        "type": "github"
      }
    }
  },
  "root": "root",
  "version": 7
}
